
Microsoft Visual Studio Solution File, Format Version 12.00
# Visual Studio 15
VisualStudioVersion = 15.0.26403.3
MinimumVisualStudioVersion = 10.0.40219.1
Project("{FAE04EC0-301F-11D3-BF4B-00C04F79EFBC}") = "Idle_Game_UWP", "Idle_Game_UWP\Idle_Game_UWP.csproj", "{A1BDEE8E-0FD5-49F3-A521-4EB8124C581D}"
EndProject
Global
	GlobalSection(SolutionConfigurationPlatforms) = preSolution
		Debug|ARM = Debug|ARM
		Debug|x64 = Debug|x64
		Debug|x86 = Debug|x86
		Release|ARM = Release|ARM
		Release|x64 = Release|x64
		Release|x86 = Release|x86
	EndGlobalSection
	GlobalSection(ProjectConfigurationPlatforms) = postSolution
		{A1BDEE8E-0FD5-49F3-A521-4EB8124C581D}.Debug|ARM.ActiveCfg = Debug|ARM
		{A1BDEE8E-0FD5-49F3-A521-4EB8124C581D}.Debug|ARM.Build.0 = Debug|ARM
		{A1BDEE8E-0FD5-49F3-A521-4EB8124C581D}.Debug|ARM.Deploy.0 = Debug|ARM
		{A1BDEE8E-0FD5-49F3-A521-4EB8124C581D}.Debug|x64.ActiveCfg = Debug|x64
		{A1BDEE8E-0FD5-49F3-A521-4EB8124C581D}.Debug|x64.Build.0 = Debug|x64
		{A1BDEE8E-0FD5-49F3-A521-4EB8124C581D}.Debug|x64.Deploy.0 = Debug|x64
		{A1BDEE8E-0FD5-49F3-A521-4EB8124C581D}.Debug|x86.ActiveCfg = Debug|x86
		{A1BDEE8E-0FD5-49F3-A521-4EB8124C581D}.Debug|x86.Build.0 = Debug|x86
		{A1BDEE8E-0FD5-49F3-A521-4EB8124C581D}.Debug|x86.Deploy.0 = Debug|x86
		{A1BDEE8E-0FD5-49F3-A521-4EB8124C581D}.Release|ARM.ActiveCfg = Release|ARM
		{A1BDEE8E-0FD5-49F3-A521-4EB8124C581D}.Release|ARM.Build.0 = Release|ARM
		{A1BDEE8E-0FD5-49F3-A521-4EB8124C581D}.Release|ARM.Deploy.0 = Release|ARM
		{A1BDEE8E-0FD5-49F3-A521-4EB8124C581D}.Release|x64.ActiveCfg = Release|x64
		{A1BDEE8E-0FD5-49F3-A521-4EB8124C581D}.Release|x64.Build.0 = Release|x64
		{A1BDEE8E-0FD5-49F3-A521-4EB8124C581D}.Release|x64.Deploy.0 = Release|x64
		{A1BDEE8E-0FD5-49F3-A521-4EB8124C581D}.Release|x86.ActiveCfg = Release|x86
		{A1BDEE8E-0FD5-49F3-A521-4EB8124C581D}.Release|x86.Build.0 = Release|x86
		{A1BDEE8E-0FD5-49F3-A521-4EB8124C581D}.Release|x86.Deploy.0 = Release|x86
	EndGlobalSection
	GlobalSection(SolutionProperties) = preSolution
		HideSolutionNode = FALSE
	EndGlobalSection
EndGlobal
